<?xml version="1.0" encoding="utf-8"?>
<Project ToolsVersion="4.0" xmlns="http://schemas.microsoft.com/developer/msbuild/2003">
  <ItemGroup>
    <Filter Include="Project">
      <UniqueIdentifier>{b9fbe001-b732-4d5f-9e79-f49b14800cfb}</UniqueIdentifier>
    </Filter>
    <Filter Include="Project\Input">
      <UniqueIdentifier>{094b31ed-0d38-44c1-86be-744ea679c102}</UniqueIdentifier>
    </Filter>
    <Filter Include="Project\Graphics">
      <UniqueIdentifier>{c8060623-33ba-4ec5-ab06-d478cacb681a}</UniqueIdentifier>
    </Filter>
    <Filter Include="Project\Core">
      <UniqueIdentifier>{a1c866d7-334d-4dee-9d1f-8fb42381ce0f}</UniqueIdentifier>
    </Filter>
    <Filter Include="Project\Audio">
      <UniqueIdentifier>{f61727e3-7814-49b6-b785-3344520bd5e4}</UniqueIdentifier>
    </Filter>
    <Filter Include="Project\Documents">
      <UniqueIdentifier>{e7b49474-94ba-4f32-8554-3577c14d59df}</UniqueIdentifier>
    </Filter>
    <Filter Include="Project\Util">
      <UniqueIdentifier>{793006fd-b241-4aa9-abd3-28e7ba870cc1}</UniqueIdentifier>
    </Filter>
    <Filter Include="Project\Timing">
      <UniqueIdentifier>{b062224b-c4ae-4f0b-9aef-5eb9ad82a39e}</UniqueIdentifier>
    </Filter>
    <Filter Include="Project\Tracking">
      <UniqueIdentifier>{2bacf41f-f524-4ab8-ad26-c4a219c20147}</UniqueIdentifier>
    </Filter>
    <Filter Include="Project\Util\Geom">
      <UniqueIdentifier>{50fab468-abfa-4db3-9ecb-e8712b867a82}</UniqueIdentifier>
    </Filter>
    <Filter Include="Project\Events">
      <UniqueIdentifier>{ee59ddae-7677-4c1d-978d-e068536ff43f}</UniqueIdentifier>
    </Filter>
    <Filter Include="Project\Graphics\Text">
      <UniqueIdentifier>{fb22db12-aa32-46d3-bb5f-337ac4a06818}</UniqueIdentifier>
    </Filter>
    <Filter Include="Project\Units">
      <UniqueIdentifier>{95e397b9-0d18-418f-9d00-51bd199bf01a}</UniqueIdentifier>
    </Filter>
    <Filter Include="Project\Data">
      <UniqueIdentifier>{bb0fc34f-f277-47e4-8b99-22a54a83af24}</UniqueIdentifier>
    </Filter>
  </ItemGroup>
  <ItemGroup>
    <ClCompile Include="Game.cpp">
      <Filter>Project\Core</Filter>
    </ClCompile>
    <ClCompile Include="Main.cpp">
      <Filter>Project</Filter>
    </ClCompile>
    <ClCompile Include="Functions.cpp">
      <Filter>Project\Util</Filter>
    </ClCompile>
    <ClCompile Include="RenderTarget.cpp">
      <Filter>Project\Graphics</Filter>
    </ClCompile>
    <ClCompile Include="MemoryTracker.cpp">
      <Filter>Project\Tracking</Filter>
    </ClCompile>
    <ClCompile Include="GameObject.cpp">
      <Filter>Project\Tracking</Filter>
    </ClCompile>
    <ClCompile Include="Vector2.cpp">
      <Filter>Project\Util\Geom</Filter>
    </ClCompile>
    <ClCompile Include="Rect.cpp">
      <Filter>Project\Util\Geom</Filter>
    </ClCompile>
    <ClCompile Include="Circle.cpp">
      <Filter>Project\Util\Geom</Filter>
    </ClCompile>
    <ClCompile Include="Timer.cpp">
      <Filter>Project\Timing</Filter>
    </ClCompile>
    <ClCompile Include="Color.cpp">
      <Filter>Project\Graphics</Filter>
    </ClCompile>
    <ClCompile Include="GraphicsSystem.cpp">
      <Filter>Project\Graphics</Filter>
    </ClCompile>
    <ClCompile Include="InputSystem.cpp">
      <Filter>Project\Input</Filter>
    </ClCompile>
    <ClCompile Include="Console.cpp">
      <Filter>Project\Util</Filter>
    </ClCompile>
    <ClCompile Include="Event.cpp">
      <Filter>Project\Events</Filter>
    </ClCompile>
    <ClCompile Include="EventDispatcher.cpp">
      <Filter>Project\Events</Filter>
    </ClCompile>
    <ClCompile Include="Font.cpp">
      <Filter>Project\Graphics\Text</Filter>
    </ClCompile>
    <ClCompile Include="Texture.cpp">
      <Filter>Project\Graphics</Filter>
    </ClCompile>
    <ClCompile Include="CachedText.cpp">
      <Filter>Project\Graphics\Text</Filter>
    </ClCompile>
    <ClCompile Include="Animation.cpp">
      <Filter>Project\Graphics</Filter>
    </ClCompile>
    <ClCompile Include="Sprite.cpp">
      <Filter>Project\Graphics</Filter>
    </ClCompile>
    <ClCompile Include="BasicUnit.cpp">
      <Filter>Project\Units</Filter>
    </ClCompile>
    <ClCompile Include="DataManager.cpp">
      <Filter>Project\Data</Filter>
    </ClCompile>
  </ItemGroup>
  <ItemGroup>
    <ClInclude Include="Game.h">
      <Filter>Project\Core</Filter>
    </ClInclude>
    <ClInclude Include="Common.h">
      <Filter>Project</Filter>
    </ClInclude>
    <ClInclude Include="Defines.h">
      <Filter>Project</Filter>
    </ClInclude>
    <ClInclude Include="Functions.h">
      <Filter>Project\Util</Filter>
    </ClInclude>
    <ClInclude Include="RenderTarget.h">
      <Filter>Project\Graphics</Filter>
    </ClInclude>
    <ClInclude Include="MemoryTracker.h">
      <Filter>Project\Tracking</Filter>
    </ClInclude>
    <ClInclude Include="GameObject.h">
      <Filter>Project\Tracking</Filter>
    </ClInclude>
    <ClInclude Include="Vector2.h">
      <Filter>Project\Util\Geom</Filter>
    </ClInclude>
    <ClInclude Include="Rect.h">
      <Filter>Project\Util\Geom</Filter>
    </ClInclude>
    <ClInclude Include="Circle.h">
      <Filter>Project\Util\Geom</Filter>
    </ClInclude>
    <ClInclude Include="Timer.h">
      <Filter>Project\Timing</Filter>
    </ClInclude>
    <ClInclude Include="Color.h">
      <Filter>Project\Graphics</Filter>
    </ClInclude>
    <ClInclude Include="GraphicsSystem.h">
      <Filter>Project\Graphics</Filter>
    </ClInclude>
    <ClInclude Include="InputSystem.h">
      <Filter>Project\Input</Filter>
    </ClInclude>
    <ClInclude Include="Console.h">
      <Filter>Project\Util</Filter>
    </ClInclude>
    <ClInclude Include="Event.h">
      <Filter>Project\Events</Filter>
    </ClInclude>
    <ClInclude Include="EventData.h">
      <Filter>Project\Events</Filter>
    </ClInclude>
    <ClInclude Include="Delegate.h">
      <Filter>Project\Events</Filter>
    </ClInclude>
    <ClInclude Include="Callbacks.h">
      <Filter>Project\Events</Filter>
    </ClInclude>
    <ClInclude Include="EventDispatcher.h">
      <Filter>Project\Events</Filter>
    </ClInclude>
    <ClInclude Include="Font.h">
      <Filter>Project\Graphics\Text</Filter>
    </ClInclude>
    <ClInclude Include="Texture.h">
      <Filter>Project\Graphics</Filter>
    </ClInclude>
    <ClInclude Include="CachedText.h">
      <Filter>Project\Graphics\Text</Filter>
    </ClInclude>
    <ClInclude Include="Animation.h">
      <Filter>Project\Graphics</Filter>
    </ClInclude>
    <ClInclude Include="Sprite.h">
      <Filter>Project\Graphics</Filter>
    </ClInclude>
    <ClInclude Include="BasicUnit.h">
      <Filter>Project\Units</Filter>
    </ClInclude>
    <ClInclude Include="Manager.h">
      <Filter>Project\Core</Filter>
    </ClInclude>
    <ClInclude Include="DataManager.h">
      <Filter>Project\Data</Filter>
    </ClInclude>
  </ItemGroup>
  <ItemGroup>
    <None Include="..\README.md">
      <Filter>Project\Documents</Filter>
    </None>
  </ItemGroup>
</Project>